
Microsoft Visual Studio Solution File, Format Version 12.00
# Visual Studio 15
VisualStudioVersion = 15.0.27428.2037
MinimumVisualStudioVersion = 10.0.40219.1
Project("{FAE04EC0-301F-11D3-BF4B-00C04F79EFBC}") = "MyList", "MyList\MyList.csproj", "{26A2E74D-8E21-4AD1-A01D-E27388E4D73A}"
EndProject
Global
	GlobalSection(SolutionConfigurationPlatforms) = preSolution
		Debug|Any CPU = Debug|Any CPU
		Release|Any CPU = Release|Any CPU
	EndGlobalSection
	GlobalSection(ProjectConfigurationPlatforms) = postSolution
		{26A2E74D-8E21-4AD1-A01D-E27388E4D73A}.Debug|Any CPU.ActiveCfg = Debug|Any CPU
		{26A2E74D-8E21-4AD1-A01D-E27388E4D73A}.Debug|Any CPU.Build.0 = Debug|Any CPU
		{26A2E74D-8E21-4AD1-A01D-E27388E4D73A}.Release|Any CPU.ActiveCfg = Release|Any CPU
		{26A2E74D-8E21-4AD1-A01D-E27388E4D73A}.Release|Any CPU.Build.0 = Release|Any CPU
	EndGlobalSection
	GlobalSection(SolutionProperties) = preSolution
		HideSolutionNode = FALSE
	EndGlobalSection
	GlobalSection(ExtensibilityGlobals) = postSolution
		SolutionGuid = {2AC93310-8BD8-447B-854D-01D0F2112F6E}
	EndGlobalSection
EndGlobal
